
Microsoft Visual Studio Solution File, Format Version 12.00
# Visual Studio Version 16
VisualStudioVersion = 16.0.31105.61
MinimumVisualStudioVersion = 10.0.40219.1
Project("{2150E333-8FDC-42A3-9474-1A3956D46DE8}") = "Services", "Services", "{A68444EA-4CA1-42F1-9B87-14976651DE89}"
EndProject
Project("{2150E333-8FDC-42A3-9474-1A3956D46DE8}") = "Catalog", "Catalog", "{BA2F2D3B-8ECB-476C-9826-AC44AFEF0B6E}"
EndProject
Project("{9A19103F-16F7-4668-BE54-9A1E7A4F7556}") = "Catalog.API", "Services\Catalog\Catalog.API\Catalog.API.csproj", "{A538F00F-0661-4A6E-AE95-38CB9D639ABD}"
EndProject
Project("{E53339B2-1760-4266-BCC7-CA923CBCF16C}") = "docker-compose", "docker-compose.dcproj", "{B5260030-D2C5-4472-A509-B6688F88F7DF}"
EndProject
Project("{2150E333-8FDC-42A3-9474-1A3956D46DE8}") = "Discount", "Discount", "{1038E1AA-27DF-43D7-AC83-2852984EBFD3}"
EndProject
Project("{9A19103F-16F7-4668-BE54-9A1E7A4F7556}") = "Discount.API", "Services\Discount\Discount.API\Discount.API.csproj", "{791206B5-BED8-40D7-98DC-46AE6D8C072F}"
EndProject
Project("{9A19103F-16F7-4668-BE54-9A1E7A4F7556}") = "Discount.Grpc", "Services\Discount\Discount.Grpc\Discount.Grpc.csproj", "{C6EDA8DD-46DB-4D98-A431-545FC1BD4A46}"
EndProject
Project("{2150E333-8FDC-42A3-9474-1A3956D46DE8}") = "Basket", "Basket", "{97A95F72-4B44-49ED-97D4-EE6EB201593E}"
EndProject
Project("{9A19103F-16F7-4668-BE54-9A1E7A4F7556}") = "Basket.API", "Services\Basket\Basket.API\Basket.API.csproj", "{E12EEB03-06EC-4D08-9FA1-E79D3CDB6B2C}"
EndProject
Project("{2150E333-8FDC-42A3-9474-1A3956D46DE8}") = "Ordering", "Ordering", "{908A9867-80EE-4075-919C-87BD706301BD}"
EndProject
Project("{9A19103F-16F7-4668-BE54-9A1E7A4F7556}") = "Ordering.API", "Services\Ordering\Ordering.API\Ordering.API.csproj", "{C77846D9-B142-41B0-9A26-991E2112E58D}"
EndProject
Project("{9A19103F-16F7-4668-BE54-9A1E7A4F7556}") = "Ordering.Domain", "Services\Ordering\Ordering.Domain\Ordering.Domain.csproj", "{A4E3040B-81DE-444F-805E-92D10EDD0ABE}"
EndProject
Project("{9A19103F-16F7-4668-BE54-9A1E7A4F7556}") = "Ordering.Application", "Services\Ordering\Ordering.Application\Ordering.Application.csproj", "{B4BAFB3A-0DCA-434A-A4D0-FCF3A41FED92}"
EndProject
Project("{9A19103F-16F7-4668-BE54-9A1E7A4F7556}") = "Ordering.Infrastructure", "Services\Ordering\Ordering.Infrastructure\Ordering.Infrastructure.csproj", "{D363F0EF-5C4B-46DE-8CB5-C2E677D713E6}"
EndProject
Project("{2150E333-8FDC-42A3-9474-1A3956D46DE8}") = "BuildingBlocks", "BuildingBlocks", "{C79A861C-9D24-4B82-B3D6-7C977F5BB433}"
EndProject
Project("{9A19103F-16F7-4668-BE54-9A1E7A4F7556}") = "EventBus.Messages", "BuildingBlocks\EventBus.Messages\EventBus.Messages.csproj", "{DC30CD80-1D6A-4BC7-97B0-2ED301BFE02D}"
EndProject
Project("{2150E333-8FDC-42A3-9474-1A3956D46DE8}") = "ApiGateways", "ApiGateways", "{F23953B5-3495-4F52-934F-C43091F63BEE}"
EndProject
Project("{FAE04EC0-301F-11D3-BF4B-00C04F79EFBC}") = "OcelotGw", "ApiGateways\OcelotGw\OcelotGw.csproj", "{3B98CA92-E13D-4615-96E2-64F4CEAF63E6}"
EndProject
Global
	GlobalSection(SolutionConfigurationPlatforms) = preSolution
		Debug|Any CPU = Debug|Any CPU
		Release|Any CPU = Release|Any CPU
	EndGlobalSection
	GlobalSection(ProjectConfigurationPlatforms) = postSolution
		{A538F00F-0661-4A6E-AE95-38CB9D639ABD}.Debug|Any CPU.ActiveCfg = Debug|Any CPU
		{A538F00F-0661-4A6E-AE95-38CB9D639ABD}.Debug|Any CPU.Build.0 = Debug|Any CPU
		{A538F00F-0661-4A6E-AE95-38CB9D639ABD}.Release|Any CPU.ActiveCfg = Release|Any CPU
		{A538F00F-0661-4A6E-AE95-38CB9D639ABD}.Release|Any CPU.Build.0 = Release|Any CPU
		{B5260030-D2C5-4472-A509-B6688F88F7DF}.Debug|Any CPU.ActiveCfg = Debug|Any CPU
		{B5260030-D2C5-4472-A509-B6688F88F7DF}.Debug|Any CPU.Build.0 = Debug|Any CPU
		{B5260030-D2C5-4472-A509-B6688F88F7DF}.Release|Any CPU.ActiveCfg = Release|Any CPU
		{B5260030-D2C5-4472-A509-B6688F88F7DF}.Release|Any CPU.Build.0 = Release|Any CPU
		{791206B5-BED8-40D7-98DC-46AE6D8C072F}.Debug|Any CPU.ActiveCfg = Debug|Any CPU
		{791206B5-BED8-40D7-98DC-46AE6D8C072F}.Debug|Any CPU.Build.0 = Debug|Any CPU
		{791206B5-BED8-40D7-98DC-46AE6D8C072F}.Release|Any CPU.ActiveCfg = Release|Any CPU
		{791206B5-BED8-40D7-98DC-46AE6D8C072F}.Release|Any CPU.Build.0 = Release|Any CPU
		{C6EDA8DD-46DB-4D98-A431-545FC1BD4A46}.Debug|Any CPU.ActiveCfg = Debug|Any CPU
		{C6EDA8DD-46DB-4D98-A431-545FC1BD4A46}.Debug|Any CPU.Build.0 = Debug|Any CPU
		{C6EDA8DD-46DB-4D98-A431-545FC1BD4A46}.Release|Any CPU.ActiveCfg = Release|Any CPU
		{C6EDA8DD-46DB-4D98-A431-545FC1BD4A46}.Release|Any CPU.Build.0 = Release|Any CPU
		{E12EEB03-06EC-4D08-9FA1-E79D3CDB6B2C}.Debug|Any CPU.ActiveCfg = Debug|Any CPU
		{E12EEB03-06EC-4D08-9FA1-E79D3CDB6B2C}.Debug|Any CPU.Build.0 = Debug|Any CPU
		{E12EEB03-06EC-4D08-9FA1-E79D3CDB6B2C}.Release|Any CPU.ActiveCfg = Release|Any CPU
		{E12EEB03-06EC-4D08-9FA1-E79D3CDB6B2C}.Release|Any CPU.Build.0 = Release|Any CPU
		{C77846D9-B142-41B0-9A26-991E2112E58D}.Debug|Any CPU.ActiveCfg = Debug|Any CPU
		{C77846D9-B142-41B0-9A26-991E2112E58D}.Debug|Any CPU.Build.0 = Debug|Any CPU
		{C77846D9-B142-41B0-9A26-991E2112E58D}.Release|Any CPU.ActiveCfg = Release|Any CPU
		{C77846D9-B142-41B0-9A26-991E2112E58D}.Release|Any CPU.Build.0 = Release|Any CPU
		{A4E3040B-81DE-444F-805E-92D10EDD0ABE}.Debug|Any CPU.ActiveCfg = Debug|Any CPU
		{A4E3040B-81DE-444F-805E-92D10EDD0ABE}.Debug|Any CPU.Build.0 = Debug|Any CPU
		{A4E3040B-81DE-444F-805E-92D10EDD0ABE}.Release|Any CPU.ActiveCfg = Release|Any CPU
		{A4E3040B-81DE-444F-805E-92D10EDD0ABE}.Release|Any CPU.Build.0 = Release|Any CPU
		{B4BAFB3A-0DCA-434A-A4D0-FCF3A41FED92}.Debug|Any CPU.ActiveCfg = Debug|Any CPU
		{B4BAFB3A-0DCA-434A-A4D0-FCF3A41FED92}.Debug|Any CPU.Build.0 = Debug|Any CPU
		{B4BAFB3A-0DCA-434A-A4D0-FCF3A41FED92}.Release|Any CPU.ActiveCfg = Release|Any CPU
		{B4BAFB3A-0DCA-434A-A4D0-FCF3A41FED92}.Release|Any CPU.Build.0 = Release|Any CPU
		{D363F0EF-5C4B-46DE-8CB5-C2E677D713E6}.Debug|Any CPU.ActiveCfg = Debug|Any CPU
		{D363F0EF-5C4B-46DE-8CB5-C2E677D713E6}.Debug|Any CPU.Build.0 = Debug|Any CPU
		{D363F0EF-5C4B-46DE-8CB5-C2E677D713E6}.Release|Any CPU.ActiveCfg = Release|Any CPU
		{D363F0EF-5C4B-46DE-8CB5-C2E677D713E6}.Release|Any CPU.Build.0 = Release|Any CPU
		{DC30CD80-1D6A-4BC7-97B0-2ED301BFE02D}.Debug|Any CPU.ActiveCfg = Debug|Any CPU
		{DC30CD80-1D6A-4BC7-97B0-2ED301BFE02D}.Debug|Any CPU.Build.0 = Debug|Any CPU
		{DC30CD80-1D6A-4BC7-97B0-2ED301BFE02D}.Release|Any CPU.ActiveCfg = Release|Any CPU
		{DC30CD80-1D6A-4BC7-97B0-2ED301BFE02D}.Release|Any CPU.Build.0 = Release|Any CPU
		{3B98CA92-E13D-4615-96E2-64F4CEAF63E6}.Debug|Any CPU.ActiveCfg = Debug|Any CPU
		{3B98CA92-E13D-4615-96E2-64F4CEAF63E6}.Debug|Any CPU.Build.0 = Debug|Any CPU
		{3B98CA92-E13D-4615-96E2-64F4CEAF63E6}.Release|Any CPU.ActiveCfg = Release|Any CPU
		{3B98CA92-E13D-4615-96E2-64F4CEAF63E6}.Release|Any CPU.Build.0 = Release|Any CPU
	EndGlobalSection
	GlobalSection(SolutionProperties) = preSolution
		HideSolutionNode = FALSE
	EndGlobalSection
	GlobalSection(NestedProjects) = preSolution
		{BA2F2D3B-8ECB-476C-9826-AC44AFEF0B6E} = {A68444EA-4CA1-42F1-9B87-14976651DE89}
		{A538F00F-0661-4A6E-AE95-38CB9D639ABD} = {BA2F2D3B-8ECB-476C-9826-AC44AFEF0B6E}
		{1038E1AA-27DF-43D7-AC83-2852984EBFD3} = {A68444EA-4CA1-42F1-9B87-14976651DE89}
		{791206B5-BED8-40D7-98DC-46AE6D8C072F} = {1038E1AA-27DF-43D7-AC83-2852984EBFD3}
		{C6EDA8DD-46DB-4D98-A431-545FC1BD4A46} = {1038E1AA-27DF-43D7-AC83-2852984EBFD3}
		{97A95F72-4B44-49ED-97D4-EE6EB201593E} = {A68444EA-4CA1-42F1-9B87-14976651DE89}
		{E12EEB03-06EC-4D08-9FA1-E79D3CDB6B2C} = {97A95F72-4B44-49ED-97D4-EE6EB201593E}
		{908A9867-80EE-4075-919C-87BD706301BD} = {A68444EA-4CA1-42F1-9B87-14976651DE89}
		{C77846D9-B142-41B0-9A26-991E2112E58D} = {908A9867-80EE-4075-919C-87BD706301BD}
		{A4E3040B-81DE-444F-805E-92D10EDD0ABE} = {908A9867-80EE-4075-919C-87BD706301BD}
		{B4BAFB3A-0DCA-434A-A4D0-FCF3A41FED92} = {908A9867-80EE-4075-919C-87BD706301BD}
		{D363F0EF-5C4B-46DE-8CB5-C2E677D713E6} = {908A9867-80EE-4075-919C-87BD706301BD}
		{DC30CD80-1D6A-4BC7-97B0-2ED301BFE02D} = {C79A861C-9D24-4B82-B3D6-7C977F5BB433}
		{3B98CA92-E13D-4615-96E2-64F4CEAF63E6} = {F23953B5-3495-4F52-934F-C43091F63BEE}
	EndGlobalSection
	GlobalSection(ExtensibilityGlobals) = postSolution
		SolutionGuid = {046BACE7-19C4-4612-8AEB-45269D6EFE94}
	EndGlobalSection
EndGlobal
